Microsoft Visual Studio Solution File, Format Version 11.00
# Visual Studio 2008

Project("{3C104769-F67A-B535-E65C-31F76993EF6D}") = "GalwayJam7", "Assembly-CSharp-firstpass.csproj", "{DDBB3065-9C6F-7226-BC19-A876600CF5A3}"
EndProject
Project("{3C104769-F67A-B535-E65C-31F76993EF6D}") = "GalwayJam7", "Assembly-CSharp-Editor.csproj", "{7E2CD38A-0362-D890-07B3-D0EFBBBC1403}"
EndProject
Global
	GlobalSection(SolutionConfigurationPlatforms) = preSolution
		Debug|Any CPU = Debug|Any CPU
		Release|Any CPU = Release|Any CPU
	EndGlobalSection
	GlobalSection(ProjectConfigurationPlatforms) = postSolution
		{DDBB3065-9C6F-7226-BC19-A876600CF5A3}.Debug|Any CPU.ActiveCfg = Debug|Any CPU
		{DDBB3065-9C6F-7226-BC19-A876600CF5A3}.Debug|Any CPU.Build.0 = Debug|Any CPU
		{DDBB3065-9C6F-7226-BC19-A876600CF5A3}.Release|Any CPU.ActiveCfg = Release|Any CPU
		{DDBB3065-9C6F-7226-BC19-A876600CF5A3}.Release|Any CPU.Build.0 = Release|Any CPU
		{7E2CD38A-0362-D890-07B3-D0EFBBBC1403}.Debug|Any CPU.ActiveCfg = Debug|Any CPU
		{7E2CD38A-0362-D890-07B3-D0EFBBBC1403}.Debug|Any CPU.Build.0 = Debug|Any CPU
		{7E2CD38A-0362-D890-07B3-D0EFBBBC1403}.Release|Any CPU.ActiveCfg = Release|Any CPU
		{7E2CD38A-0362-D890-07B3-D0EFBBBC1403}.Release|Any CPU.Build.0 = Release|Any CPU
	EndGlobalSection
	GlobalSection(SolutionProperties) = preSolution
		HideSolutionNode = FALSE
	EndGlobalSection
	GlobalSection(MonoDevelopProperties) = preSolution
		StartupItem = Assembly-CSharp.csproj
	EndGlobalSection
EndGlobal
